
Microsoft Visual Studio Solution File, Format Version 12.00
# Visual Studio Version 17
VisualStudioVersion = 17.13.35931.197
MinimumVisualStudioVersion = 10.0.40219.1
Project("{FAE04EC0-301F-11D3-BF4B-00C04F79EFBC}") = "FactoryMethod", "FactoryMethod\FactoryMethod.csproj", "{5A349BCA-70B8-429D-BE4C-4BF80CBC0311}"
EndProject
Project("{FAE04EC0-301F-11D3-BF4B-00C04F79EFBC}") = "AbstractFactory", "AbstractFactory\AbstractFactory.csproj", "{BA433E28-1FBC-4F6F-B21A-0ABA191AAD5B}"
EndProject
Global
	GlobalSection(SolutionConfigurationPlatforms) = preSolution
		Debug|Any CPU = Debug|Any CPU
		Release|Any CPU = Release|Any CPU
	EndGlobalSection
	GlobalSection(ProjectConfigurationPlatforms) = postSolution
		{5A349BCA-70B8-429D-BE4C-4BF80CBC0311}.Debug|Any CPU.ActiveCfg = Debug|Any CPU
		{5A349BCA-70B8-429D-BE4C-4BF80CBC0311}.Debug|Any CPU.Build.0 = Debug|Any CPU
		{5A349BCA-70B8-429D-BE4C-4BF80CBC0311}.Release|Any CPU.ActiveCfg = Release|Any CPU
		{5A349BCA-70B8-429D-BE4C-4BF80CBC0311}.Release|Any CPU.Build.0 = Release|Any CPU
		{BA433E28-1FBC-4F6F-B21A-0ABA191AAD5B}.Debug|Any CPU.ActiveCfg = Debug|Any CPU
		{BA433E28-1FBC-4F6F-B21A-0ABA191AAD5B}.Debug|Any CPU.Build.0 = Debug|Any CPU
		{BA433E28-1FBC-4F6F-B21A-0ABA191AAD5B}.Release|Any CPU.ActiveCfg = Release|Any CPU
		{BA433E28-1FBC-4F6F-B21A-0ABA191AAD5B}.Release|Any CPU.Build.0 = Release|Any CPU
	EndGlobalSection
	GlobalSection(SolutionProperties) = preSolution
		HideSolutionNode = FALSE
	EndGlobalSection
	GlobalSection(ExtensibilityGlobals) = postSolution
		SolutionGuid = {80FB9871-3A8F-40FE-BD36-5D112EF54C23}
	EndGlobalSection
EndGlobal
